// !$*UTF8*$!
{
	archiveVersion = 1;
	classes = {
	};
	objectVersion = 54;
	objects = {

/* Begin PBXBuildFile section */
		"2268E155-206F-4C37-A70B-F1983F80A70E" /* ofAppGui.cpp in Sources */ = {isa = PBXBuildFile; fileRef = "72DC66AD-15A3-463B-9FE4-D7716F0C7F37" /* ofAppGui.cpp */; };
		"2B0835B2-F678-4F24-8092-43109129ADC7" /* ofxLabel.cpp in Sources */ = {isa = PBXBuildFile; fileRef = "EDAC01A1-5C0E-4F72-A467-4435CB87FA07" /* ofxLabel.cpp */; };
		"55FC49B6-3790-41B0-B192-C931EEDEB713" /* ofxBaseGui.cpp in Sources */ = {isa = PBXBuildFile; fileRef = "59717CF4-BC1F-4B1B-AF2B-C19D37C168EE" /* ofxBaseGui.cpp */; };
		"71DFA362-D83C-410A-B91F-7ABC2DB5982C" /* ofxXmlSettings.cpp in Sources */ = {isa = PBXBuildFile; fileRef = "381762B7-E99C-445C-A2BC-C171460F21F8" /* ofxXmlSettings.cpp */; };
		"7AA6BE47-49D5-4579-8518-B82D388001D3" /* svgSkeleton.cpp in Sources */ = {isa = PBXBuildFile; fileRef = "958728BB-37D3-439E-8AD8-F811C5308181" /* svgSkeleton.cpp */; };
		9246A8782DD24F6900BA279E /* particleRenderer.cpp in Sources */ = {isa = PBXBuildFile; fileRef = 9246A8762DD24F6900BA279E /* particleRenderer.cpp */; };
		"96C02B57-6A01-4D3D-9A39-A61B678A9B8E" /* ofxButton.cpp in Sources */ = {isa = PBXBuildFile; fileRef = "F0350B24-0830-49AA-9A82-F2B48B64FE99" /* ofxButton.cpp */; };
		"96D6AE66-B247-4792-B338-732BEE493C9F" /* ofxPanel.cpp in Sources */ = {isa = PBXBuildFile; fileRef = "9236E919-FE8B-4B79-AE55-B6B7E5E6DBED" /* ofxPanel.cpp */; };
		"A4E86CFE-77E7-4B66-B541-86F30C39015A" /* tinyxmlparser.cpp in Sources */ = {isa = PBXBuildFile; fileRef = "BACFF631-F413-4A34-B246-2894BC54A570" /* tinyxmlparser.cpp */; };
		"A5C4E971-D144-471E-9706-C5642E0E78D8" /* tinyxmlerror.cpp in Sources */ = {isa = PBXBuildFile; fileRef = "BBA1882C-65D4-4022-9C9C-4CD04D71231F" /* tinyxmlerror.cpp */; };
		"B2B3D116-F494-4167-8D60-D7D6051620C4" /* attractor.cpp in Sources */ = {isa = PBXBuildFile; fileRef = "30CE923E-E559-4321-9DAD-DB70F7F6B7E6" /* attractor.cpp */; };
		"BECA2CC3-1694-4B56-833F-8D8AF607C73B" /* ofxColorPicker.cpp in Sources */ = {isa = PBXBuildFile; fileRef = "D39EEE69-522A-478E-AC49-8B0E7E5C44B3" /* ofxColorPicker.cpp */; };
		"C0107BE1-0787-4F1C-8C8C-164827D86F93" /* ofxToggle.cpp in Sources */ = {isa = PBXBuildFile; fileRef = "5644C2CB-2E8F-4409-B6B3-66F55D4C1345" /* ofxToggle.cpp */; };
		"C051BFB6-03CC-412F-B480-955DFCE5DF19" /* ofxGuiGroup.cpp in Sources */ = {isa = PBXBuildFile; fileRef = "DD1F759E-0AD4-4E60-BF55-D100F39D0378" /* ofxGuiGroup.cpp */; };
		"C91FA704-089F-485C-99B4-E64CA64D8E7B" /* ofxInputField.cpp in Sources */ = {isa = PBXBuildFile; fileRef = "A017CFD0-7D86-49AD-AC24-EC8DB06B8E89" /* ofxInputField.cpp */; };
		"CEA4116B-3C74-487E-A7FD-34D68BE4311C" /* ofxSvg.cpp in Sources */ = {isa = PBXBuildFile; fileRef = "76EC53AC-6C48-4628-8367-36A63DDFCBF6" /* ofxSvg.cpp */; };
		"CF52544A-8876-4E75-AE1B-F44A194B1C70" /* attractorField.cpp in Sources */ = {isa = PBXBuildFile; fileRef = "2EDF1BDA-6EA8-4B07-B532-07DC152AAACA" /* attractorField.cpp */; };
		"D5695762-56F2-4792-A9D4-DCA0971C7B44" /* particleEnsemble.cpp in Sources */ = {isa = PBXBuildFile; fileRef = "6044BD04-357E-433D-A521-25BA9ED3701E" /* particleEnsemble.cpp */; };
		"DB2DD8E5-5F37-4685-B9F4-B8225433E7A2" /* ofxSlider.cpp in Sources */ = {isa = PBXBuildFile; fileRef = "D1F827C7-FC08-479B-924E-6BF4812DB402" /* ofxSlider.cpp */; };
		E4B69E200A3A1BDC003C02F2 /* main.cpp in Sources */ = {isa = PBXBuildFile; fileRef = E4B69E1D0A3A1BDC003C02F2 /* main.cpp */; };
		E4B69E210A3A1BDC003C02F2 /* ofApp.cpp in Sources */ = {isa = PBXBuildFile; fileRef = E4B69E1E0A3A1BDC003C02F2 /* ofApp.cpp */; };
		"EAA8F1C1-24C5-4D41-96D5-A473E8099E8A" /* tinyxml.cpp in Sources */ = {isa = PBXBuildFile; fileRef = "EE602B42-E19A-409C-90C5-4660F0DA82BA" /* tinyxml.cpp */; };
		"F0D6025F-7AAD-4557-BF3A-522A84D747DF" /* ofxSliderGroup.cpp in Sources */ = {isa = PBXBuildFile; fileRef = "746455C5-9105-4907-AD97-12A93AD3B061" /* ofxSliderGroup.cpp */; };
/* End PBXBuildFile section */

/* Begin PBXCopyFilesBuildPhase section */
		E4A5B60F29BAAAE400C2D356 /* CopyFiles */ = {
			isa = PBXCopyFilesBuildPhase;
			buildActionMask = 2147483647;
			dstPath = "";
			dstSubfolderSpec = 6;
			files = (
			);
			runOnlyForDeploymentPostprocessing = 0;
		};
		E4C2427710CC5ABF004149E2 /* CopyFiles */ = {
			isa = PBXCopyFilesBuildPhase;
			buildActionMask = 2147483647;
			dstPath = "";
			dstSubfolderSpec = 10;
			files = (
			);
			runOnlyForDeploymentPostprocessing = 0;
		};
/* End PBXCopyFilesBuildPhase section */

/* Begin PBXFileReference section */
		"00A1FAF8-60CD-43E4-B149-65386D774CF6" /* xpointer.h */ = {isa = PBXFileReference; fileEncoding = 4; lastKnownFileType = sourcecode.cpp.h; path = xpointer.h; sourceTree = "<group>"; };
		"01DE8EBA-724C-49C7-802B-2A8E48AB30F3" /* nanohttp.h */ = {isa = PBXFileReference; fileEncoding = 4; lastKnownFileType = sourcecode.cpp.h; path = nanohttp.h; sourceTree = "<group>"; };
		"045AD47E-7889-4E57-91DE-EFD8BC8C1600" /* xmlIO.h */ = {isa = PBXFileReference; fileEncoding = 4; lastKnownFileType = sourcecode.cpp.h; path = xmlIO.h; sourceTree = "<group>"; };
		"06172F7B-BB54-4702-9357-FDFFC3AE2378" /* xmlregexp.h */ = {isa = PBXFileReference; fileEncoding = 4; lastKnownFileType = sourcecode.cpp.h; path = xmlregexp.h; sourceTree = "<group>"; };
		"07E00803-0B04-4D69-8C1B-E6D9530AC24E" /* HTMLparser.h */ = {isa = PBXFileReference; fileEncoding = 4; lastKnownFileType = sourcecode.cpp.h; path = HTMLparser.h; sourceTree = "<group>"; };
		"07F6CE0A-930F-4724-A72E-CFE98738C2BF" /* xmlexports.h */ = {isa = PBXFileReference; fileEncoding = 4; lastKnownFileType = sourcecode.cpp.h; path = xmlexports.h; sourceTree = "<group>"; };
		"0A9C66DC-CF5C-4744-8BBE-B1B6C1D53514" /* xmlversion.h */ = {isa = PBXFileReference; fileEncoding = 4; lastKnownFileType = sourcecode.cpp.h; path = xmlversion.h; sourceTree = "<group>"; };
		"0C8E84FA-DB4E-4457-A45F-5DB094373003" /* ofxGui.h */ = {isa = PBXFileReference; fileEncoding = 4; lastKnownFileType = sourcecode.cpp.h; path = ofxGui.h; sourceTree = "<group>"; };
		191CD6FA2847E21E0085CBB6 /* of.entitlements */ = {isa = PBXFileReference; fileEncoding = 4; lastKnownFileType = text.plist.entitlements; path = of.entitlements; sourceTree = "<group>"; };
		191EF70929D778A400F35F26 /* openFrameworks */ = {isa = PBXFileReference; lastKnownFileType = folder; name = openFrameworks; path = ../../../libs/openFrameworks; sourceTree = SOURCE_ROOT; };
		"1BD70828-247F-4A9E-9B7D-0477F1AA7444" /* xmlerror.h */ = {isa = PBXFileReference; fileEncoding = 4; lastKnownFileType = sourcecode.cpp.h; path = xmlerror.h; sourceTree = "<group>"; };
		"240C8171-52E6-4D69-8782-9569A99B5E43" /* xlink.h */ = {isa = PBXFileReference; fileEncoding = 4; lastKnownFileType = sourcecode.cpp.h; path = xlink.h; sourceTree = "<group>"; };
		"2839EE32-62DC-447E-916B-70CF7E9909E4" /* xmlreader.h */ = {isa = PBXFileReference; fileEncoding = 4; lastKnownFileType = sourcecode.cpp.h; path = xmlreader.h; sourceTree = "<group>"; };
		"28F53C41-E823-4E43-83C7-F2619E4689AD" /* chvalid.h */ = {isa = PBXFileReference; fileEncoding = 4; lastKnownFileType = sourcecode.cpp.h; path = chvalid.h; sourceTree = "<group>"; };
		"29CBF1B7-AB69-448C-8A22-FC8C8534168D" /* schematron.h */ = {isa = PBXFileReference; fileEncoding = 4; lastKnownFileType = sourcecode.cpp.h; path = schematron.h; sourceTree = "<group>"; };
		"2B2F6118-A332-4D93-AF46-DE3039BFA21C" /* schematron.h */ = {isa = PBXFileReference; fileEncoding = 4; lastKnownFileType = sourcecode.cpp.h; path = schematron.h; sourceTree = "<group>"; };
		"2CFBB96F-1B58-4CF4-B6C1-6225E62DFDFA" /* threads.h */ = {isa = PBXFileReference; fileEncoding = 4; lastKnownFileType = sourcecode.cpp.h; path = threads.h; sourceTree = "<group>"; };
		"2E38256F-71B5-4A4D-AD16-861A3E6F049C" /* SAX2.h */ = {isa = PBXFileReference; fileEncoding = 4; lastKnownFileType = sourcecode.cpp.h; path = SAX2.h; sourceTree = "<group>"; };
		"2E562EDB-0516-4A4F-8DFF-2F6E3597B030" /* catalog.h */ = {isa = PBXFileReference; fileEncoding = 4; lastKnownFileType = sourcecode.cpp.h; path = catalog.h; sourceTree = "<group>"; };
		"2EDF1BDA-6EA8-4B07-B532-07DC152AAACA" /* attractorField.cpp */ = {isa = PBXFileReference; fileEncoding = 4; lastKnownFileType = sourcecode.cpp.cpp; path = attractorField.cpp; sourceTree = "<group>"; };
		"30CE923E-E559-4321-9DAD-DB70F7F6B7E6" /* attractor.cpp */ = {isa = PBXFileReference; fileEncoding = 4; lastKnownFileType = sourcecode.cpp.cpp; path = attractor.cpp; sourceTree = "<group>"; };
		"342363CD-B9F0-4922-8F58-80999987907F" /* xmlstring.h */ = {isa = PBXFileReference; fileEncoding = 4; lastKnownFileType = sourcecode.cpp.h; path = xmlstring.h; sourceTree = "<group>"; };
		"344DA506-6630-4538-975A-9ACFD713611C" /* tinyxml.h */ = {isa = PBXFileReference; fileEncoding = 4; lastKnownFileType = sourcecode.cpp.h; path = tinyxml.h; sourceTree = "<group>"; };
		"36470C06-1BDD-4BCB-B0EA-AB01E36F5491" /* tree.h */ = {isa = PBXFileReference; fileEncoding = 4; lastKnownFileType = sourcecode.cpp.h; path = tree.h; sourceTree = "<group>"; };
		"37BFED75-2E81-4763-87F9-F175B6D958E5" /* xmlsave.h */ = {isa = PBXFileReference; fileEncoding = 4; lastKnownFileType = sourcecode.cpp.h; path = xmlsave.h; sourceTree = "<group>"; };
		"3805425A-5A63-4E3C-95F2-456DCBB89275" /* xmlschemastypes.h */ = {isa = PBXFileReference; fileEncoding = 4; lastKnownFileType = sourcecode.cpp.h; path = xmlschemastypes.h; sourceTree = "<group>"; };
		"381762B7-E99C-445C-A2BC-C171460F21F8" /* ofxXmlSettings.cpp */ = {isa = PBXFileReference; fileEncoding = 4; lastKnownFileType = sourcecode.cpp.cpp; path = ofxXmlSettings.cpp; sourceTree = "<group>"; };
		"3FF2DF4B-4618-4603-BAC4-E22F58A09138" /* dict.h */ = {isa = PBXFileReference; fileEncoding = 4; lastKnownFileType = sourcecode.cpp.h; path = dict.h; sourceTree = "<group>"; };
		"44C74E9A-8088-4D16-ADD2-B93C7B3ACA8B" /* nanoftp.h */ = {isa = PBXFileReference; fileEncoding = 4; lastKnownFileType = sourcecode.cpp.h; path = nanoftp.h; sourceTree = "<group>"; };
		"4686514A-4B14-4EFD-8414-476DEFF2C49C" /* globals.h */ = {isa = PBXFileReference; fileEncoding = 4; lastKnownFileType = sourcecode.cpp.h; path = globals.h; sourceTree = "<group>"; };
		"4768F2F2-52C6-4208-91F3-AE96D0464B63" /* SAX.h */ = {isa = PBXFileReference; fileEncoding = 4; lastKnownFileType = sourcecode.cpp.h; path = SAX.h; sourceTree = "<group>"; };
		"48D8206D-D420-4C08-ADFF-2BBEE3BC72FF" /* xpathInternals.h */ = {isa = PBXFileReference; fileEncoding = 4; lastKnownFileType = sourcecode.cpp.h; path = xpathInternals.h; sourceTree = "<group>"; };
		"496C9128-BD9A-4A43-BBDB-41181340138C" /* xmlmodule.h */ = {isa = PBXFileReference; fileEncoding = 4; lastKnownFileType = sourcecode.cpp.h; path = xmlmodule.h; sourceTree = "<group>"; };
		"4BEBAA7C-4FE5-453C-B162-ACDDA6F9F013" /* xmlwriter.h */ = {isa = PBXFileReference; fileEncoding = 4; lastKnownFileType = sourcecode.cpp.h; path = xmlwriter.h; sourceTree = "<group>"; };
		"4C8D2E3B-896B-4BE5-AF0F-C889175B5DA8" /* schemasInternals.h */ = {isa = PBXFileReference; fileEncoding = 4; lastKnownFileType = sourcecode.cpp.h; path = schemasInternals.h; sourceTree = "<group>"; };
		"4CF0B425-076B-40DF-A1DE-2E0EBC7CD79B" /* hash.h */ = {isa = PBXFileReference; fileEncoding = 4; lastKnownFileType = sourcecode.cpp.h; path = hash.h; sourceTree = "<group>"; };
		"4E5B9A68-9F2F-4B9A-91B9-AB9281AFE254" /* parserInternals.h */ = {isa = PBXFileReference; fileEncoding = 4; lastKnownFileType = sourcecode.cpp.h; path = parserInternals.h; sourceTree = "<group>"; };
		"4FAA6B3F-B6E9-4420-BCD3-677C008E899B" /* list.h */ = {isa = PBXFileReference; fileEncoding = 4; lastKnownFileType = sourcecode.cpp.h; path = list.h; sourceTree = "<group>"; };
		"50FD0E81-D19A-45DF-BDD5-B033DE6E3862" /* xmlsave.h */ = {isa = PBXFileReference; fileEncoding = 4; lastKnownFileType = sourcecode.cpp.h; path = xmlsave.h; sourceTree = "<group>"; };
		"5644C2CB-2E8F-4409-B6B3-66F55D4C1345" /* ofxToggle.cpp */ = {isa = PBXFileReference; fileEncoding = 4; lastKnownFileType = sourcecode.cpp.cpp; path = ofxToggle.cpp; sourceTree = "<group>"; };
		"570F9DCB-DF15-49F5-B37C-3789AD056D28" /* ofxInputField.h */ = {isa = PBXFileReference; fileEncoding = 4; lastKnownFileType = sourcecode.cpp.h; path = ofxInputField.h; sourceTree = "<group>"; };
		"5832BFB5-93A2-42C2-99C1-80A7E437D584" /* chvalid.h */ = {isa = PBXFileReference; fileEncoding = 4; lastKnownFileType = sourcecode.cpp.h; path = chvalid.h; sourceTree = "<group>"; };
		"587B0126-C061-40D6-A6AE-60431352926A" /* ofxGuiUtils.h */ = {isa = PBXFileReference; fileEncoding = 4; lastKnownFileType = sourcecode.cpp.h; path = ofxGuiUtils.h; sourceTree = "<group>"; };
		"59717CF4-BC1F-4B1B-AF2B-C19D37C168EE" /* ofxBaseGui.cpp */ = {isa = PBXFileReference; fileEncoding = 4; lastKnownFileType = sourcecode.cpp.cpp; path = ofxBaseGui.cpp; sourceTree = "<group>"; };
		"6044BD04-357E-433D-A521-25BA9ED3701E" /* particleEnsemble.cpp */ = {isa = PBXFileReference; fileEncoding = 4; lastKnownFileType = sourcecode.cpp.cpp; path = particleEnsemble.cpp; sourceTree = "<group>"; };
		"606639B3-0E2A-437E-92F2-A4CC6BD3BBA9" /* particleEnsemble.h */ = {isa = PBXFileReference; fileEncoding = 4; lastKnownFileType = sourcecode.cpp.h; path = particleEnsemble.h; sourceTree = "<group>"; };
		"6158CC1F-8174-4938-8CEC-CEB8C0240E2A" /* pattern.h */ = {isa = PBXFileReference; fileEncoding = 4; lastKnownFileType = sourcecode.cpp.h; path = pattern.h; sourceTree = "<group>"; };
		"63288510-D17D-4E4D-9C7C-FF308054B0DA" /* xpath.h */ = {isa = PBXFileReference; fileEncoding = 4; lastKnownFileType = sourcecode.cpp.h; path = xpath.h; sourceTree = "<group>"; };
		"6627D6CE-3859-4FCF-BB67-08940C1895A9" /* dict.h */ = {isa = PBXFileReference; fileEncoding = 4; lastKnownFileType = sourcecode.cpp.h; path = dict.h; sourceTree = "<group>"; };
		"6966B51C-4231-4A3B-83B0-C718E4F20DBC" /* svgtiny.h */ = {isa = PBXFileReference; fileEncoding = 4; lastKnownFileType = sourcecode.cpp.h; path = svgtiny.h; sourceTree = "<group>"; };
		"6BDDFEB4-175F-42B0-ABB2-6CE60DCF93B3" /* entities.h */ = {isa = PBXFileReference; fileEncoding = 4; lastKnownFileType = sourcecode.cpp.h; path = entities.h; sourceTree = "<group>"; };
		"6C8A6685-B14A-4F28-9F6D-043735C5407C" /* ofxGuiGroup.h */ = {isa = PBXFileReference; fileEncoding = 4; lastKnownFileType = sourcecode.cpp.h; path = ofxGuiGroup.h; sourceTree = "<group>"; };
		"6E0209D7-7066-4948-BB54-0C95A058FB69" /* ofxSliderGroup.h */ = {isa = PBXFileReference; fileEncoding = 4; lastKnownFileType = sourcecode.cpp.h; path = ofxSliderGroup.h; sourceTree = "<group>"; };
		"6F7D9E9F-D9A5-49E5-B91B-00363D828F01" /* parser.h */ = {isa = PBXFileReference; fileEncoding = 4; lastKnownFileType = sourcecode.cpp.h; path = parser.h; sourceTree = "<group>"; };
		"6F91E4AF-C618-49C9-B92E-B93C5EC104D8" /* SAX.h */ = {isa = PBXFileReference; fileEncoding = 4; lastKnownFileType = sourcecode.cpp.h; path = SAX.h; sourceTree = "<group>"; };
		"70B57B8B-4A32-4258-8B2C-AAAED105340A" /* nanoftp.h */ = {isa = PBXFileReference; fileEncoding = 4; lastKnownFileType = sourcecode.cpp.h; path = nanoftp.h; sourceTree = "<group>"; };
		"72DC66AD-15A3-463B-9FE4-D7716F0C7F37" /* ofAppGui.cpp */ = {isa = PBXFileReference; fileEncoding = 4; lastKnownFileType = sourcecode.cpp.cpp; path = ofAppGui.cpp; sourceTree = "<group>"; };
		"746455C5-9105-4907-AD97-12A93AD3B061" /* ofxSliderGroup.cpp */ = {isa = PBXFileReference; fileEncoding = 4; lastKnownFileType = sourcecode.cpp.cpp; path = ofxSliderGroup.cpp; sourceTree = "<group>"; };
		"76EC53AC-6C48-4628-8367-36A63DDFCBF6" /* ofxSvg.cpp */ = {isa = PBXFileReference; fileEncoding = 4; lastKnownFileType = sourcecode.cpp.cpp; path = ofxSvg.cpp; sourceTree = "<group>"; };
		"798191C7-2C64-4F9F-AE2A-66EF40B499EF" /* debugXML.h */ = {isa = PBXFileReference; fileEncoding = 4; lastKnownFileType = sourcecode.cpp.h; path = debugXML.h; sourceTree = "<group>"; };
		"7F862EC2-2654-426D-A1AE-A3B35E5B51A6" /* encoding.h */ = {isa = PBXFileReference; fileEncoding = 4; lastKnownFileType = sourcecode.cpp.h; path = encoding.h; sourceTree = "<group>"; };
		"80501DF2-A988-4A2C-A666-5EC253953917" /* xmlstring.h */ = {isa = PBXFileReference; fileEncoding = 4; lastKnownFileType = sourcecode.cpp.h; path = xmlstring.h; sourceTree = "<group>"; };
		"82E4EACA-09B6-44BA-B9EB-059D0218DDB7" /* entities.h */ = {isa = PBXFileReference; fileEncoding = 4; lastKnownFileType = sourcecode.cpp.h; path = entities.h; sourceTree = "<group>"; };
		"8394B209-87B5-4343-AA2A-D8F2EDCFDF87" /* valid.h */ = {isa = PBXFileReference; fileEncoding = 4; lastKnownFileType = sourcecode.cpp.h; path = valid.h; sourceTree = "<group>"; };
		"8569BF33-9D3C-4D1B-BDE0-AF5D1C864726" /* relaxng.h */ = {isa = PBXFileReference; fileEncoding = 4; lastKnownFileType = sourcecode.cpp.h; path = relaxng.h; sourceTree = "<group>"; };
		"8C3009CA-25CA-4E7B-9315-8CF02381DCB8" /* parserInternals.h */ = {isa = PBXFileReference; fileEncoding = 4; lastKnownFileType = sourcecode.cpp.h; path = parserInternals.h; sourceTree = "<group>"; };
		"8D138444-7457-4722-96E7-868FA76B2BE2" /* xmlunicode.h */ = {isa = PBXFileReference; fileEncoding = 4; lastKnownFileType = sourcecode.cpp.h; path = xmlunicode.h; sourceTree = "<group>"; };
		"9045605C-BC1B-4F17-AD08-3F7329A86CF6" /* HTMLtree.h */ = {isa = PBXFileReference; fileEncoding = 4; lastKnownFileType = sourcecode.cpp.h; path = HTMLtree.h; sourceTree = "<group>"; };
		"9087B27A-44E0-4BEF-9EA9-6990BB899FB0" /* ofxLabel.h */ = {isa = PBXFileReference; fileEncoding = 4; lastKnownFileType = sourcecode.cpp.h; path = ofxLabel.h; sourceTree = "<group>"; };
		"9236E919-FE8B-4B79-AE55-B6B7E5E6DBED" /* ofxPanel.cpp */ = {isa = PBXFileReference; fileEncoding = 4; lastKnownFileType = sourcecode.cpp.cpp; path = ofxPanel.cpp; sourceTree = "<group>"; };
		9246A8762DD24F6900BA279E /* particleRenderer.cpp */ = {isa = PBXFileReference; fileEncoding = 4; lastKnownFileType = sourcecode.cpp.cpp; path = particleRenderer.cpp; sourceTree = "<group>"; };
		9246A8772DD24F6900BA279E /* particleRenderer.h */ = {isa = PBXFileReference; fileEncoding = 4; lastKnownFileType = sourcecode.c.h; path = particleRenderer.h; sourceTree = "<group>"; };
		"9316B4BC-F360-4FB4-8316-A91DDE9F9826" /* xpointer.h */ = {isa = PBXFileReference; fileEncoding = 4; lastKnownFileType = sourcecode.cpp.h; path = xpointer.h; sourceTree = "<group>"; };
		"93790A06-EABF-4B51-AAD6-374BF6CA4CCB" /* encoding.h */ = {isa = PBXFileReference; fileEncoding = 4; lastKnownFileType = sourcecode.cpp.h; path = encoding.h; sourceTree = "<group>"; };
		"9518B66F-1454-4EE9-B8DA-8AA63D65E508" /* xmlmodule.h */ = {isa = PBXFileReference; fileEncoding = 4; lastKnownFileType = sourcecode.cpp.h; path = xmlmodule.h; sourceTree = "<group>"; };
		"958728BB-37D3-439E-8AD8-F811C5308181" /* svgSkeleton.cpp */ = {isa = PBXFileReference; fileEncoding = 4; lastKnownFileType = sourcecode.cpp.cpp; path = svgSkeleton.cpp; sourceTree = "<group>"; };
		"97F3CCA6-BE60-4895-8179-98118DAF3D90" /* xmlwriter.h */ = {isa = PBXFileReference; fileEncoding = 4; lastKnownFileType = sourcecode.cpp.h; path = xmlwriter.h; sourceTree = "<group>"; };
		"9882ED56-7D0B-4FD5-9999-8393990A2519" /* threads.h */ = {isa = PBXFileReference; fileEncoding = 4; lastKnownFileType = sourcecode.cpp.h; path = threads.h; sourceTree = "<group>"; };
		"9A8D73F0-6DC7-4CE3-B854-E323064EC9A3" /* schemasInternals.h */ = {isa = PBXFileReference; fileEncoding = 4; lastKnownFileType = sourcecode.cpp.h; path = schemasInternals.h; sourceTree = "<group>"; };
		"9BF57192-AEDC-430C-94AF-0BE5D2FD28E6" /* SAX2.h */ = {isa = PBXFileReference; fileEncoding = 4; lastKnownFileType = sourcecode.cpp.h; path = SAX2.h; sourceTree = "<group>"; };
		"9C3539DB-74E5-4126-9A1B-84D6DA11A63C" /* relaxng.h */ = {isa = PBXFileReference; fileEncoding = 4; lastKnownFileType = sourcecode.cpp.h; path = relaxng.h; sourceTree = "<group>"; };
		"9CA04328-E3D1-471F-BD36-828710557E1F" /* xmlschemastypes.h */ = {isa = PBXFileReference; fileEncoding = 4; lastKnownFileType = sourcecode.cpp.h; path = xmlschemastypes.h; sourceTree = "<group>"; };
		"A017CFD0-7D86-49AD-AC24-EC8DB06B8E89" /* ofxInputField.cpp */ = {isa = PBXFileReference; fileEncoding = 4; lastKnownFileType = sourcecode.cpp.cpp; path = ofxInputField.cpp; sourceTree = "<group>"; };
		"A074A27C-4F87-4BE1-B03C-DEE9B049D9A8" /* c14n.h */ = {isa = PBXFileReference; fileEncoding = 4; lastKnownFileType = sourcecode.cpp.h; path = c14n.h; sourceTree = "<group>"; };
		"A520B484-0B28-400C-8B2B-1DE617B3DAC4" /* ofxSlider.h */ = {isa = PBXFileReference; fileEncoding = 4; lastKnownFileType = sourcecode.cpp.h; path = ofxSlider.h; sourceTree = "<group>"; };
		"AAB40AF6-AADF-4734-A048-AB65DEA8EAE4" /* xmlmemory.h */ = {isa = PBXFileReference; fileEncoding = 4; lastKnownFileType = sourcecode.cpp.h; path = xmlmemory.h; sourceTree = "<group>"; };
		"AE3562B4-44CB-4F71-9D20-B68868763947" /* tree.h */ = {isa = PBXFileReference; fileEncoding = 4; lastKnownFileType = sourcecode.cpp.h; path = tree.h; sourceTree = "<group>"; };
		"AEDF80C4-7088-434C-80E0-D3CFCF7E6587" /* HTMLparser.h */ = {isa = PBXFileReference; fileEncoding = 4; lastKnownFileType = sourcecode.cpp.h; path = HTMLparser.h; sourceTree = "<group>"; };
		"B86BD7FD-FC0D-4451-BC85-7871E3BCAE9C" /* xmlregexp.h */ = {isa = PBXFileReference; fileEncoding = 4; lastKnownFileType = sourcecode.cpp.h; path = xmlregexp.h; sourceTree = "<group>"; };
		"BACFF631-F413-4A34-B246-2894BC54A570" /* tinyxmlparser.cpp */ = {isa = PBXFileReference; fileEncoding = 4; lastKnownFileType = sourcecode.cpp.cpp; path = tinyxmlparser.cpp; sourceTree = "<group>"; };
		"BB67C129-593C-4798-8B7B-B9D1A7BC5597" /* xmlautomata.h */ = {isa = PBXFileReference; fileEncoding = 4; lastKnownFileType = sourcecode.cpp.h; path = xmlautomata.h; sourceTree = "<group>"; };
		"BBA0E3A5-8441-4694-9F11-A760C9EC5925" /* HTMLtree.h */ = {isa = PBXFileReference; fileEncoding = 4; lastKnownFileType = sourcecode.cpp.h; path = HTMLtree.h; sourceTree = "<group>"; };
		"BBA1882C-65D4-4022-9C9C-4CD04D71231F" /* tinyxmlerror.cpp */ = {isa = PBXFileReference; fileEncoding = 4; lastKnownFileType = sourcecode.cpp.cpp; path = tinyxmlerror.cpp; sourceTree = "<group>"; };
		"BBCE234E-AD52-4133-8C79-FFEF4E68D779" /* data */ = {isa = PBXFileReference; fileEncoding = 4; lastKnownFileType = folder; name = data; path = bin/data; sourceTree = SOURCE_ROOT; };
		"BC7356D5-5F97-4A80-88CA-B10831F0C612" /* pattern.h */ = {isa = PBXFileReference; fileEncoding = 4; lastKnownFileType = sourcecode.cpp.h; path = pattern.h; sourceTree = "<group>"; };
		"BE37410B-36C7-4B50-9EA2-92871165A750" /* ofxPanel.h */ = {isa = PBXFileReference; fileEncoding = 4; lastKnownFileType = sourcecode.cpp.h; path = ofxPanel.h; sourceTree = "<group>"; };
		"BE986E66-9A06-425B-9DEA-6906BA58A3D6" /* c14n.h */ = {isa = PBXFileReference; fileEncoding = 4; lastKnownFileType = sourcecode.cpp.h; path = c14n.h; sourceTree = "<group>"; };
		"C0E1C3CA-C50C-408D-A6A7-E184A2433018" /* list.h */ = {isa = PBXFileReference; fileEncoding = 4; lastKnownFileType = sourcecode.cpp.h; path = list.h; sourceTree = "<group>"; };
		"C2413841-4696-44E2-AB31-F99354468AEF" /* debugXML.h */ = {isa = PBXFileReference; fileEncoding = 4; lastKnownFileType = sourcecode.cpp.h; path = debugXML.h; sourceTree = "<group>"; };
		"C3677732-602C-44D0-B906-4A373EA465C6" /* xpath.h */ = {isa = PBXFileReference; fileEncoding = 4; lastKnownFileType = sourcecode.cpp.h; path = xpath.h; sourceTree = "<group>"; };
		"C502DD63-4708-4EFA-B730-5190E8617BBC" /* xmlunicode.h */ = {isa = PBXFileReference; fileEncoding = 4; lastKnownFileType = sourcecode.cpp.h; path = xmlunicode.h; sourceTree = "<group>"; };
		"C5ABDA97-2D7C-45C1-8390-9FE54149392A" /* xmlreader.h */ = {isa = PBXFileReference; fileEncoding = 4; lastKnownFileType = sourcecode.cpp.h; path = xmlreader.h; sourceTree = "<group>"; };
		"C9AC98D5-F63F-4143-9DC2-272EC6A43282" /* ofxBaseGui.h */ = {isa = PBXFileReference; fileEncoding = 4; lastKnownFileType = sourcecode.cpp.h; path = ofxBaseGui.h; sourceTree = "<group>"; };
		"CBA6F6B6-7A7C-4F91-B472-636036FB8291" /* xmlmemory.h */ = {isa = PBXFileReference; fileEncoding = 4; lastKnownFileType = sourcecode.cpp.h; path = xmlmemory.h; sourceTree = "<group>"; };
		"CCCFAFE5-CD50-40D0-8116-BEAC159DEDBA" /* uri.h */ = {isa = PBXFileReference; fileEncoding = 4; lastKnownFileType = sourcecode.cpp.h; path = uri.h; sourceTree = "<group>"; };
		"CE93F0D2-22FB-4F08-99E9-AEB3C9855A7B" /* xinclude.h */ = {isa = PBXFileReference; fileEncoding = 4; lastKnownFileType = sourcecode.cpp.h; path = xinclude.h; sourceTree = "<group>"; };
		"CEE423F2-21C8-4648-ADD7-628CD4F79D70" /* ofxToggle.h */ = {isa = PBXFileReference; fileEncoding = 4; lastKnownFileType = sourcecode.cpp.h; path = ofxToggle.h; sourceTree = "<group>"; };
		"CFFAB6B3-0A9E-4EF1-B65B-82920EACA456" /* catalog.h */ = {isa = PBXFileReference; fileEncoding = 4; lastKnownFileType = sourcecode.cpp.h; path = catalog.h; sourceTree = "<group>"; };
		"D1F827C7-FC08-479B-924E-6BF4812DB402" /* ofxSlider.cpp */ = {isa = PBXFileReference; fileEncoding = 4; lastKnownFileType = sourcecode.cpp.cpp; path = ofxSlider.cpp; sourceTree = "<group>"; };
		"D38ECA37-260B-4218-81FD-4C7A5D8A4EA2" /* xpathInternals.h */ = {isa = PBXFileReference; fileEncoding = 4; lastKnownFileType = sourcecode.cpp.h; path = xpathInternals.h; sourceTree = "<group>"; };
		"D39EEE69-522A-478E-AC49-8B0E7E5C44B3" /* ofxColorPicker.cpp */ = {isa = PBXFileReference; fileEncoding = 4; lastKnownFileType = sourcecode.cpp.cpp; path = ofxColorPicker.cpp; sourceTree = "<group>"; };
		"D465284A-8BDF-4D35-9D05-4DD7E55A15D9" /* attractorField.h */ = {isa = PBXFileReference; fileEncoding = 4; lastKnownFileType = sourcecode.cpp.h; path = attractorField.h; sourceTree = "<group>"; };
		"D4945C63-C893-4909-8287-C4C545B19EBA" /* xmlexports.h */ = {isa = PBXFileReference; fileEncoding = 4; lastKnownFileType = sourcecode.cpp.h; path = xmlexports.h; sourceTree = "<group>"; };
		"D53C8DF6-0E67-4721-89E4-871471A592A0" /* globals.h */ = {isa = PBXFileReference; fileEncoding = 4; lastKnownFileType = sourcecode.cpp.h; path = globals.h; sourceTree = "<group>"; };
		"D55DA2B6-3ECC-45CE-830A-4C37FCD16EE3" /* ofxSvg.h */ = {isa = PBXFileReference; fileEncoding = 4; lastKnownFileType = sourcecode.cpp.h; path = ofxSvg.h; sourceTree = "<group>"; };
		"D8E390B2-3237-4CB4-B5CF-68E396360215" /* svgSkeleton.h */ = {isa = PBXFileReference; fileEncoding = 4; lastKnownFileType = sourcecode.cpp.h; path = svgSkeleton.h; sourceTree = "<group>"; };
		"DD1F759E-0AD4-4E60-BF55-D100F39D0378" /* ofxGuiGroup.cpp */ = {isa = PBXFileReference; fileEncoding = 4; lastKnownFileType = sourcecode.cpp.cpp; path = ofxGuiGroup.cpp; sourceTree = "<group>"; };
		"DD24A5F5-AC88-498A-A652-318D48616624" /* hash.h */ = {isa = PBXFileReference; fileEncoding = 4; lastKnownFileType = sourcecode.cpp.h; path = hash.h; sourceTree = "<group>"; };
		"DE46EA1B-2869-472C-A239-EB905F61E245" /* xmlversion.h */ = {isa = PBXFileReference; fileEncoding = 4; lastKnownFileType = sourcecode.cpp.h; path = xmlversion.h; sourceTree = "<group>"; };
		"DF039C57-8CDC-4C80-AA34-4F3F8B477019" /* xmlschemas.h */ = {isa = PBXFileReference; fileEncoding = 4; lastKnownFileType = sourcecode.cpp.h; path = xmlschemas.h; sourceTree = "<group>"; };
		"E2977AB4-FC7C-4AD0-9CA0-52DA828B0E69" /* xmlschemas.h */ = {isa = PBXFileReference; fileEncoding = 4; lastKnownFileType = sourcecode.cpp.h; path = xmlschemas.h; sourceTree = "<group>"; };
		"E40E1E38-4933-421E-AB87-9C2AEA29FE50" /* nanohttp.h */ = {isa = PBXFileReference; fileEncoding = 4; lastKnownFileType = sourcecode.cpp.h; path = nanohttp.h; sourceTree = "<group>"; };
		E4B69B5B0A3A1756003C02F2 /* dyantraDebug.app */ = {isa = PBXFileReference; explicitFileType = wrapper.application; includeInIndex = 0; path = dyantraDebug.app; sourceTree = BUILT_PRODUCTS_DIR; };
		E4B69E1D0A3A1BDC003C02F2 /* main.cpp */ = {isa = PBXFileReference; fileEncoding = 4; lastKnownFileType = sourcecode.cpp.cpp; name = main.cpp; path = src/main.cpp; sourceTree = SOURCE_ROOT; };
		E4B69E1E0A3A1BDC003C02F2 /* ofApp.cpp */ = {isa = PBXFileReference; explicitFileType = sourcecode.cpp.cpp; fileEncoding = 4; name = ofApp.cpp; path = src/ofApp.cpp; sourceTree = SOURCE_ROOT; };
		E4B69E1F0A3A1BDC003C02F2 /* ofApp.h */ = {isa = PBXFileReference; fileEncoding = 4; lastKnownFileType = sourcecode.c.h; name = ofApp.h; path = src/ofApp.h; sourceTree = SOURCE_ROOT; };
		E4B6FCAD0C3E899E008CF71C /* openFrameworks-Info.plist */ = {isa = PBXFileReference; fileEncoding = 4; lastKnownFileType = text.plist.xml; path = "openFrameworks-Info.plist"; sourceTree = "<group>"; };
		E4EB6923138AFD0F00A09F29 /* Project.xcconfig */ = {isa = PBXFileReference; fileEncoding = 4; lastKnownFileType = text.xcconfig; path = Project.xcconfig; sourceTree = "<group>"; };
		"E515C2BD-BA78-4C09-A06D-B5E09EB342C2" /* ofxButton.h */ = {isa = PBXFileReference; fileEncoding = 4; lastKnownFileType = sourcecode.cpp.h; path = ofxButton.h; sourceTree = "<group>"; };
		"E56CCE6C-1131-4127-AE12-26E5028BABA7" /* xmlIO.h */ = {isa = PBXFileReference; fileEncoding = 4; lastKnownFileType = sourcecode.cpp.h; path = xmlIO.h; sourceTree = "<group>"; };
		"E71B2179-4904-40F1-9D2B-7F1B8D7FCDB0" /* xmlerror.h */ = {isa = PBXFileReference; fileEncoding = 4; lastKnownFileType = sourcecode.cpp.h; path = xmlerror.h; sourceTree = "<group>"; };
		"E72CA4E2-FF95-43AB-B853-7F6F2CDD800C" /* xlink.h */ = {isa = PBXFileReference; fileEncoding = 4; lastKnownFileType = sourcecode.cpp.h; path = xlink.h; sourceTree = "<group>"; };
		"EB96AE19-0C2D-4617-BF85-3E1E1ACC11FA" /* attractor.h */ = {isa = PBXFileReference; fileEncoding = 4; lastKnownFileType = sourcecode.cpp.h; path = attractor.h; sourceTree = "<group>"; };
		"EC07241A-83D6-4E01-A87C-35D03009AF07" /* uri.h */ = {isa = PBXFileReference; fileEncoding = 4; lastKnownFileType = sourcecode.cpp.h; path = uri.h; sourceTree = "<group>"; };
		"EDAC01A1-5C0E-4F72-A467-4435CB87FA07" /* ofxLabel.cpp */ = {isa = PBXFileReference; fileEncoding = 4; lastKnownFileType = sourcecode.cpp.cpp; path = ofxLabel.cpp; sourceTree = "<group>"; };
		"EE602B42-E19A-409C-90C5-4660F0DA82BA" /* tinyxml.cpp */ = {isa = PBXFileReference; fileEncoding = 4; lastKnownFileType = sourcecode.cpp.cpp; path = tinyxml.cpp; sourceTree = "<group>"; };
		"EE867F66-8FAA-4271-89AA-85FE1982BA2E" /* ofxColorPicker.h */ = {isa = PBXFileReference; fileEncoding = 4; lastKnownFileType = sourcecode.cpp.h; path = ofxColorPicker.h; sourceTree = "<group>"; };
		"F0350B24-0830-49AA-9A82-F2B48B64FE99" /* ofxButton.cpp */ = {isa = PBXFileReference; fileEncoding = 4; lastKnownFileType = sourcecode.cpp.cpp; path = ofxButton.cpp; sourceTree = "<group>"; };
		"F128822D-5647-40CC-9954-138C731CCC0E" /* xmlautomata.h */ = {isa = PBXFileReference; fileEncoding = 4; lastKnownFileType = sourcecode.cpp.h; path = xmlautomata.h; sourceTree = "<group>"; };
		"F393B8CC-2FBF-47DC-AA50-274D8D8D785A" /* xinclude.h */ = {isa = PBXFileReference; fileEncoding = 4; lastKnownFileType = sourcecode.cpp.h; path = xinclude.h; sourceTree = "<group>"; };
		"F4665502-0462-4BAA-96EC-6B2A7831738A" /* ofAppGui.h */ = {isa = PBXFileReference; fileEncoding = 4; lastKnownFileType = sourcecode.cpp.h; path = ofAppGui.h; sourceTree = "<group>"; };
		"F838120D-B393-4448-8C14-E94F23A8EE92" /* valid.h */ = {isa = PBXFileReference; fileEncoding = 4; lastKnownFileType = sourcecode.cpp.h; path = valid.h; sourceTree = "<group>"; };
		"F8C19B4F-4170-4B4A-AB2E-A2E1AAFECE44" /* svgtiny.h */ = {isa = PBXFileReference; fileEncoding = 4; lastKnownFileType = sourcecode.cpp.h; path = svgtiny.h; sourceTree = "<group>"; };
		"FC25E53E-1C26-4A34-BEF6-D456D847161A" /* parser.h */ = {isa = PBXFileReference; fileEncoding = 4; lastKnownFileType = sourcecode.cpp.h; path = parser.h; sourceTree = "<group>"; };
		"FF535729-EBC8-4907-A5B2-4CF71C6A793F" /* ofxXmlSettings.h */ = {isa = PBXFileReference; fileEncoding = 4; lastKnownFileType = sourcecode.cpp.h; path = ofxXmlSettings.h; sourceTree = "<group>"; };
/* End PBXFileReference section */

/* Begin PBXFrameworksBuildPhase section */
		E4B69B590A3A1756003C02F2 /* Frameworks */ = {
			isa = PBXFrameworksBuildPhase;
			buildActionMask = 2147483647;
			files = (
			);
			runOnlyForDeploymentPostprocessing = 0;
		};
/* End PBXFrameworksBuildPhase section */

/* Begin PBXGroup section */
		"116B8AFE-EAB0-48F6-BD98-CBED28E7F4CA" /* macos */ = {
			isa = PBXGroup;
			children = (
				"A0900E77-C1FB-476F-8472-FBB26EA14B68" /* svgtiny.xcframework */,
			);
			path = macos;
			sourceTree = "<group>";
		};
		"1998E787-2CF5-48D3-A64F-070BFD95DF3D" /* ofxGui */ = {
			isa = PBXGroup;
			children = (
				"8BF43DC7-2119-4A5A-94C9-5ACE6E345511" /* src */,
			);
			path = ofxGui;
			sourceTree = "<group>";
		};
		"278F672C-B00E-4631-BD44-C78A4D850BD7" /* src */ = {
			isa = PBXGroup;
			children = (
				"76EC53AC-6C48-4628-8367-36A63DDFCBF6" /* ofxSvg.cpp */,
				"D55DA2B6-3ECC-45CE-830A-4C37FCD16EE3" /* ofxSvg.h */,
			);
			path = src;
			sourceTree = "<group>";
		};
		"2CDA4A51-DD6C-4B17-A06A-4EDF8AC9048F" /* macos-arm64_x86_64 */ = {
			isa = PBXGroup;
			children = (
				"C7656167-8727-42A0-9FE3-A76BA1B4615E" /* Headers */,
			);
			path = "macos-arm64_x86_64";
			sourceTree = "<group>";
		};
		"35DA29A4-29D6-450D-9E1F-268C8566A827" /* libxml */ = {
			isa = PBXGroup;
			children = (
				"AEDF80C4-7088-434C-80E0-D3CFCF7E6587" /* HTMLparser.h */,
				"9045605C-BC1B-4F17-AD08-3F7329A86CF6" /* HTMLtree.h */,
				"6F91E4AF-C618-49C9-B92E-B93C5EC104D8" /* SAX.h */,
				"2E38256F-71B5-4A4D-AD16-861A3E6F049C" /* SAX2.h */,
				"A074A27C-4F87-4BE1-B03C-DEE9B049D9A8" /* c14n.h */,
				"2E562EDB-0516-4A4F-8DFF-2F6E3597B030" /* catalog.h */,
				"28F53C41-E823-4E43-83C7-F2619E4689AD" /* chvalid.h */,
				"798191C7-2C64-4F9F-AE2A-66EF40B499EF" /* debugXML.h */,
				"6627D6CE-3859-4FCF-BB67-08940C1895A9" /* dict.h */,
				"7F862EC2-2654-426D-A1AE-A3B35E5B51A6" /* encoding.h */,
				"82E4EACA-09B6-44BA-B9EB-059D0218DDB7" /* entities.h */,
				"4686514A-4B14-4EFD-8414-476DEFF2C49C" /* globals.h */,
				"4CF0B425-076B-40DF-A1DE-2E0EBC7CD79B" /* hash.h */,
				"4FAA6B3F-B6E9-4420-BCD3-677C008E899B" /* list.h */,
				"70B57B8B-4A32-4258-8B2C-AAAED105340A" /* nanoftp.h */,
				"E40E1E38-4933-421E-AB87-9C2AEA29FE50" /* nanohttp.h */,
				"FC25E53E-1C26-4A34-BEF6-D456D847161A" /* parser.h */,
				"4E5B9A68-9F2F-4B9A-91B9-AB9281AFE254" /* parserInternals.h */,
				"6158CC1F-8174-4938-8CEC-CEB8C0240E2A" /* pattern.h */,
				"8569BF33-9D3C-4D1B-BDE0-AF5D1C864726" /* relaxng.h */,
				"4C8D2E3B-896B-4BE5-AF0F-C889175B5DA8" /* schemasInternals.h */,
				"2B2F6118-A332-4D93-AF46-DE3039BFA21C" /* schematron.h */,
				"2CFBB96F-1B58-4CF4-B6C1-6225E62DFDFA" /* threads.h */,
				"AE3562B4-44CB-4F71-9D20-B68868763947" /* tree.h */,
				"EC07241A-83D6-4E01-A87C-35D03009AF07" /* uri.h */,
				"8394B209-87B5-4343-AA2A-D8F2EDCFDF87" /* valid.h */,
				"F393B8CC-2FBF-47DC-AA50-274D8D8D785A" /* xinclude.h */,
				"240C8171-52E6-4D69-8782-9569A99B5E43" /* xlink.h */,
				"045AD47E-7889-4E57-91DE-EFD8BC8C1600" /* xmlIO.h */,
				"F128822D-5647-40CC-9954-138C731CCC0E" /* xmlautomata.h */,
				"E71B2179-4904-40F1-9D2B-7F1B8D7FCDB0" /* xmlerror.h */,
				"07F6CE0A-930F-4724-A72E-CFE98738C2BF" /* xmlexports.h */,
				"AAB40AF6-AADF-4734-A048-AB65DEA8EAE4" /* xmlmemory.h */,
				"9518B66F-1454-4EE9-B8DA-8AA63D65E508" /* xmlmodule.h */,
				"C5ABDA97-2D7C-45C1-8390-9FE54149392A" /* xmlreader.h */,
				"B86BD7FD-FC0D-4451-BC85-7871E3BCAE9C" /* xmlregexp.h */,
				"37BFED75-2E81-4763-87F9-F175B6D958E5" /* xmlsave.h */,
				"DF039C57-8CDC-4C80-AA34-4F3F8B477019" /* xmlschemas.h */,
				"3805425A-5A63-4E3C-95F2-456DCBB89275" /* xmlschemastypes.h */,
				"80501DF2-A988-4A2C-A666-5EC253953917" /* xmlstring.h */,
				"C502DD63-4708-4EFA-B730-5190E8617BBC" /* xmlunicode.h */,
				"0A9C66DC-CF5C-4744-8BBE-B1B6C1D53514" /* xmlversion.h */,
				"4BEBAA7C-4FE5-453C-B162-ACDDA6F9F013" /* xmlwriter.h */,
				"63288510-D17D-4E4D-9C7C-FF308054B0DA" /* xpath.h */,
				"D38ECA37-260B-4218-81FD-4C7A5D8A4EA2" /* xpathInternals.h */,
				"00A1FAF8-60CD-43E4-B149-65386D774CF6" /* xpointer.h */,
			);
			path = libxml;
			sourceTree = "<group>";
		};
		"3816B9DA-C65F-488B-AB56-35CFDE8B6625" /* libxml */ = {
			isa = PBXGroup;
			children = (
				"07E00803-0B04-4D69-8C1B-E6D9530AC24E" /* HTMLparser.h */,
				"BBA0E3A5-8441-4694-9F11-A760C9EC5925" /* HTMLtree.h */,
				"4768F2F2-52C6-4208-91F3-AE96D0464B63" /* SAX.h */,
				"9BF57192-AEDC-430C-94AF-0BE5D2FD28E6" /* SAX2.h */,
				"BE986E66-9A06-425B-9DEA-6906BA58A3D6" /* c14n.h */,
				"CFFAB6B3-0A9E-4EF1-B65B-82920EACA456" /* catalog.h */,
				"5832BFB5-93A2-42C2-99C1-80A7E437D584" /* chvalid.h */,
				"C2413841-4696-44E2-AB31-F99354468AEF" /* debugXML.h */,
				"3FF2DF4B-4618-4603-BAC4-E22F58A09138" /* dict.h */,
				"93790A06-EABF-4B51-AAD6-374BF6CA4CCB" /* encoding.h */,
				"6BDDFEB4-175F-42B0-ABB2-6CE60DCF93B3" /* entities.h */,
				"D53C8DF6-0E67-4721-89E4-871471A592A0" /* globals.h */,
				"DD24A5F5-AC88-498A-A652-318D48616624" /* hash.h */,
				"C0E1C3CA-C50C-408D-A6A7-E184A2433018" /* list.h */,
				"44C74E9A-8088-4D16-ADD2-B93C7B3ACA8B" /* nanoftp.h */,
				"01DE8EBA-724C-49C7-802B-2A8E48AB30F3" /* nanohttp.h */,
				"6F7D9E9F-D9A5-49E5-B91B-00363D828F01" /* parser.h */,
				"8C3009CA-25CA-4E7B-9315-8CF02381DCB8" /* parserInternals.h */,
				"BC7356D5-5F97-4A80-88CA-B10831F0C612" /* pattern.h */,
				"9C3539DB-74E5-4126-9A1B-84D6DA11A63C" /* relaxng.h */,
				"9A8D73F0-6DC7-4CE3-B854-E323064EC9A3" /* schemasInternals.h */,
				"29CBF1B7-AB69-448C-8A22-FC8C8534168D" /* schematron.h */,
				"9882ED56-7D0B-4FD5-9999-8393990A2519" /* threads.h */,
				"36470C06-1BDD-4BCB-B0EA-AB01E36F5491" /* tree.h */,
				"CCCFAFE5-CD50-40D0-8116-BEAC159DEDBA" /* uri.h */,
				"F838120D-B393-4448-8C14-E94F23A8EE92" /* valid.h */,
				"CE93F0D2-22FB-4F08-99E9-AEB3C9855A7B" /* xinclude.h */,
				"E72CA4E2-FF95-43AB-B853-7F6F2CDD800C" /* xlink.h */,
				"E56CCE6C-1131-4127-AE12-26E5028BABA7" /* xmlIO.h */,
				"BB67C129-593C-4798-8B7B-B9D1A7BC5597" /* xmlautomata.h */,
				"1BD70828-247F-4A9E-9B7D-0477F1AA7444" /* xmlerror.h */,
				"D4945C63-C893-4909-8287-C4C545B19EBA" /* xmlexports.h */,
				"CBA6F6B6-7A7C-4F91-B472-636036FB8291" /* xmlmemory.h */,
				"496C9128-BD9A-4A43-BBDB-41181340138C" /* xmlmodule.h */,
				"2839EE32-62DC-447E-916B-70CF7E9909E4" /* xmlreader.h */,
				"06172F7B-BB54-4702-9357-FDFFC3AE2378" /* xmlregexp.h */,
				"50FD0E81-D19A-45DF-BDD5-B033DE6E3862" /* xmlsave.h */,
				"E2977AB4-FC7C-4AD0-9CA0-52DA828B0E69" /* xmlschemas.h */,
				"9CA04328-E3D1-471F-BD36-828710557E1F" /* xmlschemastypes.h */,
				"342363CD-B9F0-4922-8F58-80999987907F" /* xmlstring.h */,
				"8D138444-7457-4722-96E7-868FA76B2BE2" /* xmlunicode.h */,
				"DE46EA1B-2869-472C-A239-EB905F61E245" /* xmlversion.h */,
				"97F3CCA6-BE60-4895-8179-98118DAF3D90" /* xmlwriter.h */,
				"C3677732-602C-44D0-B906-4A373EA465C6" /* xpath.h */,
				"48D8206D-D420-4C08-ADFF-2BBEE3BC72FF" /* xpathInternals.h */,
				"9316B4BC-F360-4FB4-8316-A91DDE9F9826" /* xpointer.h */,
			);
			path = libxml;
			sourceTree = "<group>";
		};
		"55E497B2-2756-4717-AEFB-9EE3E7FBBC82" /* macos-arm64_x86_64 */ = {
			isa = PBXGroup;
			children = (
				"B8C92E15-1AEE-49D7-B21A-22964289D1D0" /* Headers */,
			);
			path = "macos-arm64_x86_64";
			sourceTree = "<group>";
		};
		"5C2F96FC-AACB-4234-A038-6184329EB43E" /* svgtiny */ = {
			isa = PBXGroup;
			children = (
				"779E67A5-CA7C-408F-8FAA-5EDE9F105C59" /* include */,
				"611BEB47-D167-41FA-900F-09F069D3A06C" /* lib */,
			);
			path = svgtiny;
			sourceTree = "<group>";
		};
		"611BEB47-D167-41FA-900F-09F069D3A06C" /* lib */ = {
			isa = PBXGroup;
			children = (
				"116B8AFE-EAB0-48F6-BD98-CBED28E7F4CA" /* macos */,
			);
			path = lib;
			sourceTree = "<group>";
		};
		"7773AE55-FCC5-4A92-AB58-841ED08F9939" /* libxml2 */ = {
			isa = PBXGroup;
			children = (
				"B377FAA6-A620-46AF-875D-4C3FA1795F46" /* include */,
				"E5DDB70C-4DC0-43DB-9B12-33F50376DC57" /* lib */,
			);
			path = libxml2;
			sourceTree = "<group>";
		};
		"779E67A5-CA7C-408F-8FAA-5EDE9F105C59" /* include */ = {
			isa = PBXGroup;
			children = (
				"6966B51C-4231-4A3B-83B0-C718E4F20DBC" /* svgtiny.h */,
			);
			path = include;
			sourceTree = "<group>";
		};
		"8677BFEE-7CB5-4E67-BE0E-509513AF5A6D" /* src */ = {
			isa = PBXGroup;
			children = (
				"381762B7-E99C-445C-A2BC-C171460F21F8" /* ofxXmlSettings.cpp */,
				"FF535729-EBC8-4907-A5B2-4CF71C6A793F" /* ofxXmlSettings.h */,
			);
			path = src;
			sourceTree = "<group>";
		};
		"8BF43DC7-2119-4A5A-94C9-5ACE6E345511" /* src */ = {
			isa = PBXGroup;
			children = (
				"59717CF4-BC1F-4B1B-AF2B-C19D37C168EE" /* ofxBaseGui.cpp */,
				"C9AC98D5-F63F-4143-9DC2-272EC6A43282" /* ofxBaseGui.h */,
				"F0350B24-0830-49AA-9A82-F2B48B64FE99" /* ofxButton.cpp */,
				"E515C2BD-BA78-4C09-A06D-B5E09EB342C2" /* ofxButton.h */,
				"D39EEE69-522A-478E-AC49-8B0E7E5C44B3" /* ofxColorPicker.cpp */,
				"EE867F66-8FAA-4271-89AA-85FE1982BA2E" /* ofxColorPicker.h */,
				"0C8E84FA-DB4E-4457-A45F-5DB094373003" /* ofxGui.h */,
				"DD1F759E-0AD4-4E60-BF55-D100F39D0378" /* ofxGuiGroup.cpp */,
				"6C8A6685-B14A-4F28-9F6D-043735C5407C" /* ofxGuiGroup.h */,
				"587B0126-C061-40D6-A6AE-60431352926A" /* ofxGuiUtils.h */,
				"A017CFD0-7D86-49AD-AC24-EC8DB06B8E89" /* ofxInputField.cpp */,
				"570F9DCB-DF15-49F5-B37C-3789AD056D28" /* ofxInputField.h */,
				"EDAC01A1-5C0E-4F72-A467-4435CB87FA07" /* ofxLabel.cpp */,
				"9087B27A-44E0-4BEF-9EA9-6990BB899FB0" /* ofxLabel.h */,
				"9236E919-FE8B-4B79-AE55-B6B7E5E6DBED" /* ofxPanel.cpp */,
				"BE37410B-36C7-4B50-9EA2-92871165A750" /* ofxPanel.h */,
				"D1F827C7-FC08-479B-924E-6BF4812DB402" /* ofxSlider.cpp */,
				"A520B484-0B28-400C-8B2B-1DE617B3DAC4" /* ofxSlider.h */,
				"746455C5-9105-4907-AD97-12A93AD3B061" /* ofxSliderGroup.cpp */,
				"6E0209D7-7066-4948-BB54-0C95A058FB69" /* ofxSliderGroup.h */,
				"5644C2CB-2E8F-4409-B6B3-66F55D4C1345" /* ofxToggle.cpp */,
				"CEE423F2-21C8-4648-ADD7-628CD4F79D70" /* ofxToggle.h */,
			);
			path = src;
			sourceTree = "<group>";
		};
		"A0900E77-C1FB-476F-8472-FBB26EA14B68" /* svgtiny.xcframework */ = {
			isa = PBXGroup;
			children = (
				"55E497B2-2756-4717-AEFB-9EE3E7FBBC82" /* macos-arm64_x86_64 */,
			);
			path = svgtiny.xcframework;
			sourceTree = "<group>";
		};
		"A5145369-2101-4594-881D-4EDDFCD5035D" /* libs */ = {
			isa = PBXGroup;
			children = (
				"7773AE55-FCC5-4A92-AB58-841ED08F9939" /* libxml2 */,
				"5C2F96FC-AACB-4234-A038-6184329EB43E" /* svgtiny */,
			);
			path = libs;
			sourceTree = "<group>";
		};
		"ADDE0897-3943-4EF1-BAE1-09535B0D6382" /* libxml2.xcframework */ = {
			isa = PBXGroup;
			children = (
				"2CDA4A51-DD6C-4B17-A06A-4EDF8AC9048F" /* macos-arm64_x86_64 */,
			);
			path = libxml2.xcframework;
			sourceTree = "<group>";
		};
		"B377FAA6-A620-46AF-875D-4C3FA1795F46" /* include */ = {
			isa = PBXGroup;
			children = (
				"3816B9DA-C65F-488B-AB56-35CFDE8B6625" /* libxml */,
			);
			path = include;
			sourceTree = "<group>";
		};
		"B8C92E15-1AEE-49D7-B21A-22964289D1D0" /* Headers */ = {
			isa = PBXGroup;
			children = (
				"F8C19B4F-4170-4B4A-AB2E-A2E1AAFECE44" /* svgtiny.h */,
			);
			path = Headers;
			sourceTree = "<group>";
		};
		BB4B014C10F69532006C3DED /* addons */ = {
			isa = PBXGroup;
			children = (
				"1998E787-2CF5-48D3-A64F-070BFD95DF3D" /* ofxGui */,
				"F85F9AEA-4CF0-407E-B142-4A94AB1F5206" /* ofxSvg */,
				"BFD21DFE-B892-4840-B467-1C0CF2AF335D" /* ofxXmlSettings */,
			);
			name = addons;
			path = ../../../addons;
			sourceTree = SOURCE_ROOT;
		};
		"BFD21DFE-B892-4840-B467-1C0CF2AF335D" /* ofxXmlSettings */ = {
			isa = PBXGroup;
			children = (
				"C8556270-6EA4-46B2-BC13-A7323136D458" /* libs */,
				"8677BFEE-7CB5-4E67-BE0E-509513AF5A6D" /* src */,
			);
			path = ofxXmlSettings;
			sourceTree = "<group>";
		};
		"C7656167-8727-42A0-9FE3-A76BA1B4615E" /* Headers */ = {
			isa = PBXGroup;
			children = (
				"35DA29A4-29D6-450D-9E1F-268C8566A827" /* libxml */,
			);
			path = Headers;
			sourceTree = "<group>";
		};
		"C8556270-6EA4-46B2-BC13-A7323136D458" /* libs */ = {
			isa = PBXGroup;
			children = (
				"EE602B42-E19A-409C-90C5-4660F0DA82BA" /* tinyxml.cpp */,
				"344DA506-6630-4538-975A-9ACFD713611C" /* tinyxml.h */,
				"BBA1882C-65D4-4022-9C9C-4CD04D71231F" /* tinyxmlerror.cpp */,
				"BACFF631-F413-4A34-B246-2894BC54A570" /* tinyxmlparser.cpp */,
			);
			path = libs;
			sourceTree = "<group>";
		};
		"CB470A38-2C9B-40E6-8E29-C1D80F4A2848" /* macos */ = {
			isa = PBXGroup;
			children = (
				"ADDE0897-3943-4EF1-BAE1-09535B0D6382" /* libxml2.xcframework */,
			);
			path = macos;
			sourceTree = "<group>";
		};
		E4B69B4A0A3A1720003C02F2 = {
			isa = PBXGroup;
			children = (
				191CD6FA2847E21E0085CBB6 /* of.entitlements */,
				E4B6FCAD0C3E899E008CF71C /* openFrameworks-Info.plist */,
				E4EB6923138AFD0F00A09F29 /* Project.xcconfig */,
				E4B69E1C0A3A1BDC003C02F2 /* src */,
				191EF70929D778A400F35F26 /* openFrameworks */,
				BB4B014C10F69532006C3DED /* addons */,
				E4B69B5B0A3A1756003C02F2 /* dyantraDebug.app */,
				"BBCE234E-AD52-4133-8C79-FFEF4E68D779" /* data */,
			);
			sourceTree = "<group>";
		};
		E4B69E1C0A3A1BDC003C02F2 /* src */ = {
			isa = PBXGroup;
			children = (
				9246A8762DD24F6900BA279E /* particleRenderer.cpp */,
				9246A8772DD24F6900BA279E /* particleRenderer.h */,
				E4B69E1D0A3A1BDC003C02F2 /* main.cpp */,
				E4B69E1E0A3A1BDC003C02F2 /* ofApp.cpp */,
				E4B69E1F0A3A1BDC003C02F2 /* ofApp.h */,
				"30CE923E-E559-4321-9DAD-DB70F7F6B7E6" /* attractor.cpp */,
				"EB96AE19-0C2D-4617-BF85-3E1E1ACC11FA" /* attractor.h */,
				"2EDF1BDA-6EA8-4B07-B532-07DC152AAACA" /* attractorField.cpp */,
				"D465284A-8BDF-4D35-9D05-4DD7E55A15D9" /* attractorField.h */,
				"72DC66AD-15A3-463B-9FE4-D7716F0C7F37" /* ofAppGui.cpp */,
				"F4665502-0462-4BAA-96EC-6B2A7831738A" /* ofAppGui.h */,
				"6044BD04-357E-433D-A521-25BA9ED3701E" /* particleEnsemble.cpp */,
				"606639B3-0E2A-437E-92F2-A4CC6BD3BBA9" /* particleEnsemble.h */,
				"958728BB-37D3-439E-8AD8-F811C5308181" /* svgSkeleton.cpp */,
				"D8E390B2-3237-4CB4-B5CF-68E396360215" /* svgSkeleton.h */,
			);
			path = src;
			sourceTree = SOURCE_ROOT;
		};
		"E5DDB70C-4DC0-43DB-9B12-33F50376DC57" /* lib */ = {
			isa = PBXGroup;
			children = (
				"CB470A38-2C9B-40E6-8E29-C1D80F4A2848" /* macos */,
			);
			path = lib;
			sourceTree = "<group>";
		};
		"F85F9AEA-4CF0-407E-B142-4A94AB1F5206" /* ofxSvg */ = {
			isa = PBXGroup;
			children = (
				"A5145369-2101-4594-881D-4EDDFCD5035D" /* libs */,
				"278F672C-B00E-4631-BD44-C78A4D850BD7" /* src */,
			);
			path = ofxSvg;
			sourceTree = "<group>";
		};
/* End PBXGroup section */

/* Begin PBXNativeTarget section */
		E4B69B5A0A3A1756003C02F2 /* dyantra */ = {
			isa = PBXNativeTarget;
			buildConfigurationList = E4B69B5F0A3A1757003C02F2 /* Build configuration list for PBXNativeTarget "dyantra" */;
			buildPhases = (
				E42962A92163ECCD00A6A9E2 /* Run Script — Compile OF */,
				E4B69B580A3A1756003C02F2 /* Sources */,
				E4B69B590A3A1756003C02F2 /* Frameworks */,
				E4C2427710CC5ABF004149E2 /* CopyFiles */,
				E4A5B60F29BAAAE400C2D356 /* CopyFiles */,
				19B789C429E5AB4A0082E9B8 /* ShellScript */,
			);
			buildRules = (
			);
			dependencies = (
			);
			name = dyantra;
			productName = myOFApp;
			productReference = E4B69B5B0A3A1756003C02F2 /* dyantraDebug.app */;
			productType = "com.apple.product-type.application";
		};
/* End PBXNativeTarget section */

/* Begin PBXProject section */
		E4B69B4C0A3A1720003C02F2 /* Project object */ = {
			isa = PBXProject;
			attributes = {
				BuildIndependentTargetsInParallel = YES;
				LastUpgradeCheck = 1540;
			};
			buildConfigurationList = E4B69B4D0A3A1720003C02F2 /* Build configuration list for PBXProject "dyantra" */;
			compatibilityVersion = "Xcode 3.2";
			developmentRegion = en;
			hasScannedForEncodings = 0;
			knownRegions = (
				en,
				Base,
			);
			mainGroup = E4B69B4A0A3A1720003C02F2;
			productRefGroup = E4B69B4A0A3A1720003C02F2;
			projectDirPath = "";
			projectRoot = "";
			targets = (
				E4B69B5A0A3A1756003C02F2 /* dyantra */,
			);
		};
/* End PBXProject section */

/* Begin PBXShellScriptBuildPhase section */
		19B789C429E5AB4A0082E9B8 /* ShellScript */ = {
			isa = PBXShellScriptBuildPhase;
			alwaysOutOfDate = 1;
			buildActionMask = 2147483647;
			files = (
			);
			inputFileListPaths = (
			);
			inputPaths = (
			);
			outputFileListPaths = (
			);
			outputPaths = (
			);
			runOnlyForDeploymentPostprocessing = 0;
			shellPath = /bin/sh;
			shellScript = "\"$OF_PATH/scripts/osx/xcode_project.sh\"\n";
			showEnvVarsInLog = 0;
		};
		E42962A92163ECCD00A6A9E2 /* Run Script — Compile OF */ = {
			isa = PBXShellScriptBuildPhase;
			alwaysOutOfDate = 1;
			buildActionMask = 2147483647;
			files = (
			);
			inputPaths = (
			);
			name = "Run Script — Compile OF";
			outputPaths = (
			);
			runOnlyForDeploymentPostprocessing = 0;
			shellPath = /bin/sh;
			shellScript = "$OF_CORE_BUILD_COMMAND\n";
			showEnvVarsInLog = 0;
		};
/* End PBXShellScriptBuildPhase section */

/* Begin PBXSourcesBuildPhase section */
		E4B69B580A3A1756003C02F2 /* Sources */ = {
			isa = PBXSourcesBuildPhase;
			buildActionMask = 2147483647;
			files = (
				E4B69E200A3A1BDC003C02F2 /* main.cpp in Sources */,
				E4B69E210A3A1BDC003C02F2 /* ofApp.cpp in Sources */,
				"B2B3D116-F494-4167-8D60-D7D6051620C4" /* attractor.cpp in Sources */,
				"CF52544A-8876-4E75-AE1B-F44A194B1C70" /* attractorField.cpp in Sources */,
				"2268E155-206F-4C37-A70B-F1983F80A70E" /* ofAppGui.cpp in Sources */,
				"D5695762-56F2-4792-A9D4-DCA0971C7B44" /* particleEnsemble.cpp in Sources */,
				"7AA6BE47-49D5-4579-8518-B82D388001D3" /* svgSkeleton.cpp in Sources */,
				"55FC49B6-3790-41B0-B192-C931EEDEB713" /* ofxBaseGui.cpp in Sources */,
				"96C02B57-6A01-4D3D-9A39-A61B678A9B8E" /* ofxButton.cpp in Sources */,
				"BECA2CC3-1694-4B56-833F-8D8AF607C73B" /* ofxColorPicker.cpp in Sources */,
				"C051BFB6-03CC-412F-B480-955DFCE5DF19" /* ofxGuiGroup.cpp in Sources */,
				"C91FA704-089F-485C-99B4-E64CA64D8E7B" /* ofxInputField.cpp in Sources */,
				"2B0835B2-F678-4F24-8092-43109129ADC7" /* ofxLabel.cpp in Sources */,
				"96D6AE66-B247-4792-B338-732BEE493C9F" /* ofxPanel.cpp in Sources */,
				"DB2DD8E5-5F37-4685-B9F4-B8225433E7A2" /* ofxSlider.cpp in Sources */,
				"F0D6025F-7AAD-4557-BF3A-522A84D747DF" /* ofxSliderGroup.cpp in Sources */,
				"C0107BE1-0787-4F1C-8C8C-164827D86F93" /* ofxToggle.cpp in Sources */,
				"CEA4116B-3C74-487E-A7FD-34D68BE4311C" /* ofxSvg.cpp in Sources */,
				"EAA8F1C1-24C5-4D41-96D5-A473E8099E8A" /* tinyxml.cpp in Sources */,
				"A5C4E971-D144-471E-9706-C5642E0E78D8" /* tinyxmlerror.cpp in Sources */,
				"A4E86CFE-77E7-4B66-B541-86F30C39015A" /* tinyxmlparser.cpp in Sources */,
				9246A8782DD24F6900BA279E /* particleRenderer.cpp in Sources */,
				"71DFA362-D83C-410A-B91F-7ABC2DB5982C" /* ofxXmlSettings.cpp in Sources */,
			);
			runOnlyForDeploymentPostprocessing = 0;
		};
/* End PBXSourcesBuildPhase section */

/* Begin XCBuildConfiguration section */
		E4B69B4E0A3A1720003C02F2 /* Debug */ = {
			isa = XCBuildConfiguration;
			baseConfigurationReference = E4EB6923138AFD0F00A09F29 /* Project.xcconfig */;
			buildSettings = {
				CODE_SIGN_ENTITLEMENTS = of.entitlements;
				COPY_PHASE_STRIP = NO;
				ENABLE_TESTABILITY = YES;
				GCC_OPTIMIZATION_LEVEL = 0;
				GCC_WARN_UNUSED_VARIABLE = NO;
				HEADER_SEARCH_PATHS = (
					"$(OF_CORE_HEADERS)",
					src,
				);
				OTHER_CPLUSPLUSFLAGS = "-D__MACOSX_CORE__";
			};
			name = Debug;
		};
		E4B69B4F0A3A1720003C02F2 /* Release */ = {
			isa = XCBuildConfiguration;
			baseConfigurationReference = E4EB6923138AFD0F00A09F29 /* Project.xcconfig */;
			buildSettings = {
				CODE_SIGN_ENTITLEMENTS = of.entitlements;
				COPY_PHASE_STRIP = YES;
				GCC_OPTIMIZATION_LEVEL = 3;
				GCC_UNROLL_LOOPS = YES;
				HEADER_SEARCH_PATHS = (
					"$(OF_CORE_HEADERS)",
					src,
				);
				OTHER_CPLUSPLUSFLAGS = "-D__MACOSX_CORE__";
			};
			name = Release;
		};
		E4B69B600A3A1757003C02F2 /* Debug */ = {
			isa = XCBuildConfiguration;
			baseConfigurationReference = E4EB6923138AFD0F00A09F29 /* Project.xcconfig */;
			buildSettings = {
				ARCHS = "$(ARCHS_STANDARD)";
				CLANG_CXX_LANGUAGE_STANDARD = "c++20";
				COPY_PHASE_STRIP = NO;
				FRAMEWORK_SEARCH_PATHS = "$(inherited)";
				GCC_DYNAMIC_NO_PIC = NO;
				HEADER_SEARCH_PATHS = (
					"$(OF_CORE_HEADERS)",
					src,
					src,
					../../../addons/ofxGui/src,
					../../../addons/ofxSvg/libs,
					../../../addons/ofxSvg/libs/libxml2,
					../../../addons/ofxSvg/libs/libxml2/include,
					../../../addons/ofxSvg/libs/libxml2/include/libxml,
					../../../addons/ofxSvg/libs/libxml2/lib,
					../../../addons/ofxSvg/libs/libxml2/license,
					../../../addons/ofxSvg/libs/svgtiny,
					../../../addons/ofxSvg/libs/svgtiny/include,
					../../../addons/ofxSvg/libs/svgtiny/lib,
					../../../addons/ofxSvg/libs/svgtiny/license,
					../../../addons/ofxSvg/src,
					../../../addons/ofxXmlSettings/libs,
					../../../addons/ofxXmlSettings/src,
				);
				LIBRARY_SEARCH_PATHS = "$(inherited)";
				OTHER_LDFLAGS = (
					"$(OF_CORE_LIBS)",
					"$(OF_CORE_FRAMEWORKS)",
					"$(LIB_OF_DEBUG)",
					"../../../addons/ofxSvg/libs/svgtiny/lib/macos/svgtiny.xcframework/macos-arm64_x86_64/libsvgtiny.a",
					"../../../addons/ofxSvg/libs/libxml2/lib/macos/libxml2.xcframework/macos-arm64_x86_64/libxml2.a",
				);
			};
			name = Debug;
		};
		E4B69B610A3A1757003C02F2 /* Release */ = {
			isa = XCBuildConfiguration;
			baseConfigurationReference = E4EB6923138AFD0F00A09F29 /* Project.xcconfig */;
			buildSettings = {
				ARCHS = "$(ARCHS_STANDARD)";
				CLANG_CXX_LANGUAGE_STANDARD = "c++20";
				COPY_PHASE_STRIP = YES;
				FRAMEWORK_SEARCH_PATHS = "$(inherited)";
				HEADER_SEARCH_PATHS = (
					"$(OF_CORE_HEADERS)",
					src,
					src,
					../../../addons/ofxGui/src,
					../../../addons/ofxSvg/libs,
					../../../addons/ofxSvg/libs/libxml2,
					../../../addons/ofxSvg/libs/libxml2/include,
					../../../addons/ofxSvg/libs/libxml2/include/libxml,
					../../../addons/ofxSvg/libs/libxml2/lib,
					../../../addons/ofxSvg/libs/libxml2/license,
					../../../addons/ofxSvg/libs/svgtiny,
					../../../addons/ofxSvg/libs/svgtiny/include,
					../../../addons/ofxSvg/libs/svgtiny/lib,
					../../../addons/ofxSvg/libs/svgtiny/license,
					../../../addons/ofxSvg/src,
					../../../addons/ofxXmlSettings/libs,
					../../../addons/ofxXmlSettings/src,
				);
				LIBRARY_SEARCH_PATHS = "$(inherited)";
				OTHER_LDFLAGS = (
					"$(OF_CORE_LIBS)",
					"$(OF_CORE_FRAMEWORKS)",
					"$(LIB_OF_RELEASE)",
					"../../../addons/ofxSvg/libs/svgtiny/lib/macos/svgtiny.xcframework/macos-arm64_x86_64/libsvgtiny.a",
					"../../../addons/ofxSvg/libs/libxml2/lib/macos/libxml2.xcframework/macos-arm64_x86_64/libxml2.a",
				);
				baseConfigurationReference = E4EB6923138AFD0F00A09F29;
			};
			name = Release;
		};
/* End XCBuildConfiguration section */

/* Begin XCConfigurationList section */
		E4B69B4D0A3A1720003C02F2 /* Build configuration list for PBXProject "dyantra" */ = {
			isa = XCConfigurationList;
			buildConfigurations = (
				E4B69B4E0A3A1720003C02F2 /* Debug */,
				E4B69B4F0A3A1720003C02F2 /* Release */,
			);
			defaultConfigurationIsVisible = 0;
			defaultConfigurationName = Release;
		};
		E4B69B5F0A3A1757003C02F2 /* Build configuration list for PBXNativeTarget "dyantra" */ = {
			isa = XCConfigurationList;
			buildConfigurations = (
				E4B69B600A3A1757003C02F2 /* Debug */,
				E4B69B610A3A1757003C02F2 /* Release */,
			);
			defaultConfigurationIsVisible = 0;
			defaultConfigurationName = Release;
		};
/* End XCConfigurationList section */
	};
	rootObject = E4B69B4C0A3A1720003C02F2 /* Project object */;
}
